FORGE
  remote: https://forgeapi.puppetlabs.com
  specs:
    jfryman-nginx (0.0.7)
      puppetlabs-apt (>= 1.0.0)
      puppetlabs-concat (>= 1.0.0)
      puppetlabs-stdlib (>= 0.1.6)
    leoc-piwik (1.0.0)
    nodes-php (0.9.0)
      puppetlabs-apt (> 0.0.0)
      puppetlabs-inifile (> 0.0.0)
      puppetlabs-stdlib (> 0.0.0)
    puppetlabs-apt (1.7.0)
      puppetlabs-stdlib (>= 2.2.1)
    puppetlabs-concat (1.1.2)
      puppetlabs-stdlib (< 5.0.0, >= 3.2.0)
    puppetlabs-inifile (1.2.0)
    puppetlabs-stdlib (4.4.0)

GIT
  remote: git://github.com/yakshed/puppet-yakshed-webserver.git
  ref: master
  sha: 8b5124df0d3fc18f8339f05296d9f2276a1cd321
  specs:
    yakshed-webserver (0.1.0)
      jfryman-nginx (= 0.0.7)
      leoc-piwik (= 1.0.0)
      nodes-php (= 0.9.0)
      puppetlabs-stdlib (>= 4.4.0)

GIT
  remote: git://github.com/yakshed/puppet-yakshed.git
  ref: master
  sha: 8619e1608719191c446edd0f999a971e8cfe6ffd
  specs:
    yakshed-yakshed (0.1.0)
      puppetlabs-apt (>= 1.7.0)
      puppetlabs-stdlib (>= 4.4.0)

DEPENDENCIES
  yakshed-webserver (>= 0)
  yakshed-yakshed (>= 0)

